
Microsoft Visual Studio Solution File, Format Version 12.00
# Visual Studio Version 17
VisualStudioVersion = 17.4.33403.182
MinimumVisualStudioVersion = 10.0.40219.1
Project("{FAE04EC0-301F-11D3-BF4B-00C04F79EFBC}") = "MultiViewTemplate", "MultiViewTemplate\MultiViewTemplate.csproj", "{5540ED50-94A1-4CC7-BF8B-8EBEC50BBEDF}"
EndProject
Global
	GlobalSection(SolutionConfigurationPlatforms) = preSolution
		Debug|Any CPU = Debug|Any CPU
		Release|Any CPU = Release|Any CPU
	EndGlobalSection
	GlobalSection(ProjectConfigurationPlatforms) = postSolution
		{5540ED50-94A1-4CC7-BF8B-8EBEC50BBEDF}.Debug|Any CPU.ActiveCfg = Debug|Any CPU
		{5540ED50-94A1-4CC7-BF8B-8EBEC50BBEDF}.Debug|Any CPU.Build.0 = Debug|Any CPU
		{5540ED50-94A1-4CC7-BF8B-8EBEC50BBEDF}.Release|Any CPU.ActiveCfg = Release|Any CPU
		{5540ED50-94A1-4CC7-BF8B-8EBEC50BBEDF}.Release|Any CPU.Build.0 = Release|Any CPU
	EndGlobalSection
	GlobalSection(SolutionProperties) = preSolution
		HideSolutionNode = FALSE
	EndGlobalSection
	GlobalSection(ExtensibilityGlobals) = postSolution
		SolutionGuid = {C14D4355-A479-4B52-8557-7DEAB13FDE83}
	EndGlobalSection
EndGlobal
